
Microsoft Visual Studio Solution File, Format Version 12.00
# Visual Studio Version 17
VisualStudioVersion = 17.14.36616.10 d17.14
MinimumVisualStudioVersion = 10.0.40219.1
Project("{8BC9CEB8-8B4A-11D0-8D11-00A0C91BC942}") = "VulkanTest", "VulkanTest\VulkanTest.vcxproj", "{A4DC1C2E-3AF9-4B8C-980B-CD19440F3DDA}"
EndProject
Global
	GlobalSection(SolutionConfigurationPlatforms) = preSolution
		Debug|x64 = Debug|x64
		Debug|x86 = Debug|x86
		Release|x64 = Release|x64
		Release|x86 = Release|x86
	EndGlobalSection
	GlobalSection(ProjectConfigurationPlatforms) = postSolution
		{A4DC1C2E-3AF9-4B8C-980B-CD19440F3DDA}.Debug|x64.ActiveCfg = Debug|x64
		{A4DC1C2E-3AF9-4B8C-980B-CD19440F3DDA}.Debug|x64.Build.0 = Debug|x64
		{A4DC1C2E-3AF9-4B8C-980B-CD19440F3DDA}.Debug|x86.ActiveCfg = Debug|Win32
		{A4DC1C2E-3AF9-4B8C-980B-CD19440F3DDA}.Debug|x86.Build.0 = Debug|Win32
		{A4DC1C2E-3AF9-4B8C-980B-CD19440F3DDA}.Release|x64.ActiveCfg = Release|x64
		{A4DC1C2E-3AF9-4B8C-980B-CD19440F3DDA}.Release|x64.Build.0 = Release|x64
		{A4DC1C2E-3AF9-4B8C-980B-CD19440F3DDA}.Release|x86.ActiveCfg = Release|Win32
		{A4DC1C2E-3AF9-4B8C-980B-CD19440F3DDA}.Release|x86.Build.0 = Release|Win32
	EndGlobalSection
	GlobalSection(SolutionProperties) = preSolution
		HideSolutionNode = FALSE
	EndGlobalSection
	GlobalSection(ExtensibilityGlobals) = postSolution
		SolutionGuid = {50D6A92B-B21C-429E-9551-FB4F8522A068}
	EndGlobalSection
EndGlobal
